
Microsoft Visual Studio Solution File, Format Version 12.00
# Visual Studio Version 17
VisualStudioVersion = 17.9.34728.123
MinimumVisualStudioVersion = 10.0.40219.1
Project("{8BC9CEB8-8B4A-11D0-8D11-00A0C91BC942}") = "TR_1回目", "TR_1回目.vcxproj", "{A85796D1-B672-4BB8-860A-1269FFA2AFB4}"
EndProject
Global
	GlobalSection(SolutionConfigurationPlatforms) = preSolution
		Debug|x64 = Debug|x64
		Release|x64 = Release|x64
	EndGlobalSection
	GlobalSection(ProjectConfigurationPlatforms) = postSolution
		{A85796D1-B672-4BB8-860A-1269FFA2AFB4}.Debug|x64.ActiveCfg = Debug|x64
		{A85796D1-B672-4BB8-860A-1269FFA2AFB4}.Debug|x64.Build.0 = Debug|x64
		{A85796D1-B672-4BB8-860A-1269FFA2AFB4}.Release|x64.ActiveCfg = Release|x64
		{A85796D1-B672-4BB8-860A-1269FFA2AFB4}.Release|x64.Build.0 = Release|x64
	EndGlobalSection
	GlobalSection(SolutionProperties) = preSolution
		HideSolutionNode = FALSE
	EndGlobalSection
	GlobalSection(ExtensibilityGlobals) = postSolution
		SolutionGuid = {6A5C9FCB-B8C5-452D-81FD-77A594D505B3}
	EndGlobalSection
EndGlobal
